
Microsoft Visual Studio Solution File, Format Version 12.00
# Visual Studio 2013
VisualStudioVersion = 12.0.31101.0
MinimumVisualStudioVersion = 10.0.40219.1
Project("{FAE04EC0-301F-11D3-BF4B-00C04F79EFBC}") = "WCFServices", "WCFServices\WCFServices.csproj", "{C99D07ED-43F3-43DA-BF29-71A17C523F94}"
EndProject
Project("{FAE04EC0-301F-11D3-BF4B-00C04F79EFBC}") = "Repository", "Repository\Repository.csproj", "{A9ABCDF0-894A-4CF8-913E-0E01CFD0E113}"
EndProject
Project("{FAE04EC0-301F-11D3-BF4B-00C04F79EFBC}") = "Model", "Model\Model.csproj", "{61A8F291-4C9A-485B-A011-39E1F4DF5DEA}"
EndProject
Project("{FAE04EC0-301F-11D3-BF4B-00C04F79EFBC}") = "WebApi", "WebApi\WebApi.csproj", "{C829A15E-D9DD-489D-902E-E72CA824AD48}"
	ProjectSection(ProjectDependencies) = postProject
		{C99D07ED-43F3-43DA-BF29-71A17C523F94} = {C99D07ED-43F3-43DA-BF29-71A17C523F94}
	EndProjectSection
EndProject
Global
	GlobalSection(SolutionConfigurationPlatforms) = preSolution
		Debug|Any CPU = Debug|Any CPU
		Release|Any CPU = Release|Any CPU
	EndGlobalSection
	GlobalSection(ProjectConfigurationPlatforms) = postSolution
		{C99D07ED-43F3-43DA-BF29-71A17C523F94}.Debug|Any CPU.ActiveCfg = Debug|Any CPU
		{C99D07ED-43F3-43DA-BF29-71A17C523F94}.Debug|Any CPU.Build.0 = Debug|Any CPU
		{C99D07ED-43F3-43DA-BF29-71A17C523F94}.Release|Any CPU.ActiveCfg = Release|Any CPU
		{C99D07ED-43F3-43DA-BF29-71A17C523F94}.Release|Any CPU.Build.0 = Release|Any CPU
		{A9ABCDF0-894A-4CF8-913E-0E01CFD0E113}.Debug|Any CPU.ActiveCfg = Debug|Any CPU
		{A9ABCDF0-894A-4CF8-913E-0E01CFD0E113}.Debug|Any CPU.Build.0 = Debug|Any CPU
		{A9ABCDF0-894A-4CF8-913E-0E01CFD0E113}.Release|Any CPU.ActiveCfg = Release|Any CPU
		{A9ABCDF0-894A-4CF8-913E-0E01CFD0E113}.Release|Any CPU.Build.0 = Release|Any CPU
		{61A8F291-4C9A-485B-A011-39E1F4DF5DEA}.Debug|Any CPU.ActiveCfg = Debug|Any CPU
		{61A8F291-4C9A-485B-A011-39E1F4DF5DEA}.Debug|Any CPU.Build.0 = Debug|Any CPU
		{61A8F291-4C9A-485B-A011-39E1F4DF5DEA}.Release|Any CPU.ActiveCfg = Release|Any CPU
		{61A8F291-4C9A-485B-A011-39E1F4DF5DEA}.Release|Any CPU.Build.0 = Release|Any CPU
		{C829A15E-D9DD-489D-902E-E72CA824AD48}.Debug|Any CPU.ActiveCfg = Debug|Any CPU
		{C829A15E-D9DD-489D-902E-E72CA824AD48}.Debug|Any CPU.Build.0 = Debug|Any CPU
		{C829A15E-D9DD-489D-902E-E72CA824AD48}.Release|Any CPU.ActiveCfg = Release|Any CPU
		{C829A15E-D9DD-489D-902E-E72CA824AD48}.Release|Any CPU.Build.0 = Release|Any CPU
	EndGlobalSection
	GlobalSection(SolutionProperties) = preSolution
		HideSolutionNode = FALSE
	EndGlobalSection
EndGlobal
